# This file was autogenerated by Stack.
# You should not edit this file by hand.
# For more information, please see the documentation at:
#   https://docs.haskellstack.org/en/stable/lock_files

packages:
- completed:
    pantry-tree:
      sha256: 3c976e2387a598452163f65a14b2cce9f2ffe0e5cc15e15ada173d34cbcdc465
      size: 918
    hackage: Shellac-0.9.9@sha256:3ffcc6aa147ae304774ddde0cd56e92f8d913f12d2e4a7d7fc0e66b7019007db,1984
  original:
    hackage: Shellac-0.9.9
- completed:
    pantry-tree:
      sha256: 4f98a09ec110da209e58f809b7015448426430014fbd1d15366809a94b3533b9
      size: 244
    hackage: Shellac-haskeline-0.2.1@sha256:c0fe9917222253f24738fe1feda8150625a4b5034bb21757ae8eba8d92760a10,1052
  original:
    hackage: Shellac-haskeline-0.2.1
snapshots:
- completed:
    sha256: 63539429076b7ebbab6daa7656cfb079393bf644971156dc349d7c0453694ac2
    size: 586296
    url: https://raw.githubusercontent.com/commercialhaskell/stackage-snapshots/master/lts/18/18.yaml
  original: lts-18.18
